
Microsoft Visual Studio Solution File, Format Version 12.00
# Visual Studio Version 16
VisualStudioVersion = 16.0.810.24
MinimumVisualStudioVersion = 10.0.40219.1
Project("{FAE04EC0-301F-11D3-BF4B-00C04F79EFBC}") = "StaticExercise", "StaticExercise\StaticExercise.csproj", "{42103B91-FC8A-4E3E-B4D1-AD2150CF5F53}"
EndProject
Global
	GlobalSection(SolutionConfigurationPlatforms) = preSolution
		Debug|Any CPU = Debug|Any CPU
		Release|Any CPU = Release|Any CPU
	EndGlobalSection
	GlobalSection(ProjectConfigurationPlatforms) = postSolution
		{42103B91-FC8A-4E3E-B4D1-AD2150CF5F53}.Debug|Any CPU.ActiveCfg = Debug|Any CPU
		{42103B91-FC8A-4E3E-B4D1-AD2150CF5F53}.Debug|Any CPU.Build.0 = Debug|Any CPU
		{42103B91-FC8A-4E3E-B4D1-AD2150CF5F53}.Release|Any CPU.ActiveCfg = Release|Any CPU
		{42103B91-FC8A-4E3E-B4D1-AD2150CF5F53}.Release|Any CPU.Build.0 = Release|Any CPU
	EndGlobalSection
	GlobalSection(SolutionProperties) = preSolution
		HideSolutionNode = FALSE
	EndGlobalSection
	GlobalSection(ExtensibilityGlobals) = postSolution
		SolutionGuid = {A326A04C-103E-4129-800B-9D747987DB79}
	EndGlobalSection
EndGlobal
